
Microsoft Visual Studio Solution File, Format Version 12.00
# Visual Studio Version 16
VisualStudioVersion = 16.0.30611.23
MinimumVisualStudioVersion = 10.0.40219.1
Project("{9A19103F-16F7-4668-BE54-9A1E7A4F7556}") = "Hagiu_Maria_Lab2_1", "Hagiu_Maria_Lab2.1\Hagiu_Maria_Lab2_1.csproj", "{6DF768E7-CADE-4F0D-BF93-9D2FC7D7F01B}"
EndProject
Project("{9A19103F-16F7-4668-BE54-9A1E7A4F7556}") = "LibraryModel", "LibraryModel4\LibraryModel.csproj", "{281C3CA1-C9EE-4433-A919-43639E22C381}"
EndProject
Project("{9A19103F-16F7-4668-BE54-9A1E7A4F7556}") = "LibraryWebAPI", "LibraryWebAPI\LibraryWebAPI.csproj", "{5DE50E0C-2953-4BF3-BE8E-B0273B0F6EB4}"
EndProject
Project("{FAE04EC0-301F-11D3-BF4B-00C04F79EFBC}") = "GrpcCustomersService", "GrpcCustomersService\GrpcCustomersService.csproj", "{A9D4CF84-DDFA-4CA4-A65A-0676A135D12E}"
EndProject
Global
	GlobalSection(SolutionConfigurationPlatforms) = preSolution
		Debug|Any CPU = Debug|Any CPU
		Release|Any CPU = Release|Any CPU
	EndGlobalSection
	GlobalSection(ProjectConfigurationPlatforms) = postSolution
		{6DF768E7-CADE-4F0D-BF93-9D2FC7D7F01B}.Debug|Any CPU.ActiveCfg = Debug|Any CPU
		{6DF768E7-CADE-4F0D-BF93-9D2FC7D7F01B}.Debug|Any CPU.Build.0 = Debug|Any CPU
		{6DF768E7-CADE-4F0D-BF93-9D2FC7D7F01B}.Release|Any CPU.ActiveCfg = Release|Any CPU
		{6DF768E7-CADE-4F0D-BF93-9D2FC7D7F01B}.Release|Any CPU.Build.0 = Release|Any CPU
		{281C3CA1-C9EE-4433-A919-43639E22C381}.Debug|Any CPU.ActiveCfg = Debug|Any CPU
		{281C3CA1-C9EE-4433-A919-43639E22C381}.Debug|Any CPU.Build.0 = Debug|Any CPU
		{281C3CA1-C9EE-4433-A919-43639E22C381}.Release|Any CPU.ActiveCfg = Release|Any CPU
		{281C3CA1-C9EE-4433-A919-43639E22C381}.Release|Any CPU.Build.0 = Release|Any CPU
		{5DE50E0C-2953-4BF3-BE8E-B0273B0F6EB4}.Debug|Any CPU.ActiveCfg = Debug|Any CPU
		{5DE50E0C-2953-4BF3-BE8E-B0273B0F6EB4}.Debug|Any CPU.Build.0 = Debug|Any CPU
		{5DE50E0C-2953-4BF3-BE8E-B0273B0F6EB4}.Release|Any CPU.ActiveCfg = Release|Any CPU
		{5DE50E0C-2953-4BF3-BE8E-B0273B0F6EB4}.Release|Any CPU.Build.0 = Release|Any CPU
		{A9D4CF84-DDFA-4CA4-A65A-0676A135D12E}.Debug|Any CPU.ActiveCfg = Debug|Any CPU
		{A9D4CF84-DDFA-4CA4-A65A-0676A135D12E}.Debug|Any CPU.Build.0 = Debug|Any CPU
		{A9D4CF84-DDFA-4CA4-A65A-0676A135D12E}.Release|Any CPU.ActiveCfg = Release|Any CPU
		{A9D4CF84-DDFA-4CA4-A65A-0676A135D12E}.Release|Any CPU.Build.0 = Release|Any CPU
	EndGlobalSection
	GlobalSection(SolutionProperties) = preSolution
		HideSolutionNode = FALSE
	EndGlobalSection
	GlobalSection(ExtensibilityGlobals) = postSolution
		SolutionGuid = {AA6AA3C9-BB2A-4E89-9B75-855ACEAB4A29}
	EndGlobalSection
EndGlobal
